
Microsoft Visual Studio Solution File, Format Version 11.00
# Visual Studio 2010
Project("{F184B08F-C81C-45F6-A57F-5ABD9991F28F}") = "ejer06", "ejer06\ejer06.vbproj", "{CBB3BB6F-475F-4C6B-9194-6E947C64B7BD}"
EndProject
Global
	GlobalSection(SolutionConfigurationPlatforms) = preSolution
		Debug|x86 = Debug|x86
		Release|x86 = Release|x86
	EndGlobalSection
	GlobalSection(ProjectConfigurationPlatforms) = postSolution
		{CBB3BB6F-475F-4C6B-9194-6E947C64B7BD}.Debug|x86.ActiveCfg = Debug|x86
		{CBB3BB6F-475F-4C6B-9194-6E947C64B7BD}.Debug|x86.Build.0 = Debug|x86
		{CBB3BB6F-475F-4C6B-9194-6E947C64B7BD}.Release|x86.ActiveCfg = Release|x86
		{CBB3BB6F-475F-4C6B-9194-6E947C64B7BD}.Release|x86.Build.0 = Release|x86
	EndGlobalSection
	GlobalSection(SolutionProperties) = preSolution
		HideSolutionNode = FALSE
	EndGlobalSection
EndGlobal
