
Microsoft Visual Studio Solution File, Format Version 11.00
# Visual Studio 2010
Project("{F184B08F-C81C-45F6-A57F-5ABD9991F28F}") = "ejer10bis", "ejer10bis\ejer10bis.vbproj", "{08E59CB4-3851-4AE5-B24D-BB6FADE29D31}"
EndProject
Global
	GlobalSection(SolutionConfigurationPlatforms) = preSolution
		Debug|x86 = Debug|x86
		Release|x86 = Release|x86
	EndGlobalSection
	GlobalSection(ProjectConfigurationPlatforms) = postSolution
		{08E59CB4-3851-4AE5-B24D-BB6FADE29D31}.Debug|x86.ActiveCfg = Debug|x86
		{08E59CB4-3851-4AE5-B24D-BB6FADE29D31}.Debug|x86.Build.0 = Debug|x86
		{08E59CB4-3851-4AE5-B24D-BB6FADE29D31}.Release|x86.ActiveCfg = Release|x86
		{08E59CB4-3851-4AE5-B24D-BB6FADE29D31}.Release|x86.Build.0 = Release|x86
	EndGlobalSection
	GlobalSection(SolutionProperties) = preSolution
		HideSolutionNode = FALSE
	EndGlobalSection
EndGlobal
