
Microsoft Visual Studio Solution File, Format Version 11.00
# Visual Studio 2010
Project("{F184B08F-C81C-45F6-A57F-5ABD9991F28F}") = "09_varios_2", "09_varios_2\09_varios_2.vbproj", "{1F5F25CA-2841-4DFE-8D6E-2D02AFCD6BCD}"
EndProject
Global
	GlobalSection(SolutionConfigurationPlatforms) = preSolution
		Debug|x86 = Debug|x86
		Release|x86 = Release|x86
	EndGlobalSection
	GlobalSection(ProjectConfigurationPlatforms) = postSolution
		{1F5F25CA-2841-4DFE-8D6E-2D02AFCD6BCD}.Debug|x86.ActiveCfg = Debug|x86
		{1F5F25CA-2841-4DFE-8D6E-2D02AFCD6BCD}.Debug|x86.Build.0 = Debug|x86
		{1F5F25CA-2841-4DFE-8D6E-2D02AFCD6BCD}.Release|x86.ActiveCfg = Release|x86
		{1F5F25CA-2841-4DFE-8D6E-2D02AFCD6BCD}.Release|x86.Build.0 = Release|x86
	EndGlobalSection
	GlobalSection(SolutionProperties) = preSolution
		HideSolutionNode = FALSE
	EndGlobalSection
EndGlobal
