
Microsoft Visual Studio Solution File, Format Version 11.00
# Visual Studio 2010
Project("{F184B08F-C81C-45F6-A57F-5ABD9991F28F}") = "05_ciclos", "05_ciclos\05_ciclos.vbproj", "{7933F7A1-0710-4FE4-AAB7-50AB7E28E563}"
EndProject
Global
	GlobalSection(SolutionConfigurationPlatforms) = preSolution
		Debug|x86 = Debug|x86
		Release|x86 = Release|x86
	EndGlobalSection
	GlobalSection(ProjectConfigurationPlatforms) = postSolution
		{7933F7A1-0710-4FE4-AAB7-50AB7E28E563}.Debug|x86.ActiveCfg = Debug|x86
		{7933F7A1-0710-4FE4-AAB7-50AB7E28E563}.Debug|x86.Build.0 = Debug|x86
		{7933F7A1-0710-4FE4-AAB7-50AB7E28E563}.Release|x86.ActiveCfg = Release|x86
		{7933F7A1-0710-4FE4-AAB7-50AB7E28E563}.Release|x86.Build.0 = Release|x86
	EndGlobalSection
	GlobalSection(SolutionProperties) = preSolution
		HideSolutionNode = FALSE
	EndGlobalSection
EndGlobal
